
Microsoft Visual Studio Solution File, Format Version 12.00
# Visual Studio 15
VisualStudioVersion = 15.0.28010.2026
MinimumVisualStudioVersion = 10.0.40219.1
Project("{8BC9CEB8-8B4A-11D0-8D11-00A0C91BC942}") = "Lab1.0", "Lab1.0\Lab1.0.vcxproj", "{98B406DA-8ED9-46E5-B52C-85721570310A}"
EndProject
Global
	GlobalSection(SolutionConfigurationPlatforms) = preSolution
		Debug|x64 = Debug|x64
		Debug|x86 = Debug|x86
		Release|x64 = Release|x64
		Release|x86 = Release|x86
	EndGlobalSection
	GlobalSection(ProjectConfigurationPlatforms) = postSolution
		{98B406DA-8ED9-46E5-B52C-85721570310A}.Debug|x64.ActiveCfg = Debug|x64
		{98B406DA-8ED9-46E5-B52C-85721570310A}.Debug|x64.Build.0 = Debug|x64
		{98B406DA-8ED9-46E5-B52C-85721570310A}.Debug|x86.ActiveCfg = Debug|Win32
		{98B406DA-8ED9-46E5-B52C-85721570310A}.Debug|x86.Build.0 = Debug|Win32
		{98B406DA-8ED9-46E5-B52C-85721570310A}.Release|x64.ActiveCfg = Release|x64
		{98B406DA-8ED9-46E5-B52C-85721570310A}.Release|x64.Build.0 = Release|x64
		{98B406DA-8ED9-46E5-B52C-85721570310A}.Release|x86.ActiveCfg = Release|Win32
		{98B406DA-8ED9-46E5-B52C-85721570310A}.Release|x86.Build.0 = Release|Win32
	EndGlobalSection
	GlobalSection(SolutionProperties) = preSolution
		HideSolutionNode = FALSE
	EndGlobalSection
	GlobalSection(ExtensibilityGlobals) = postSolution
		SolutionGuid = {9D4B0C28-3EDA-4F41-BE12-B2C8FDB1F808}
	EndGlobalSection
EndGlobal
